PODS:
  - Alamofire (4.4.0)
  - ObjcExceptionBridging (1.0.1):
    - ObjcExceptionBridging/ObjcExceptionBridging (= 1.0.1)
  - ObjcExceptionBridging/ObjcExceptionBridging (1.0.1)
  - ProgressHUD (2.4)
  - SnapKit (3.2.0)
  - XCGLogger (5.0.1):
    - XCGLogger/Core (= 5.0.1)
  - XCGLogger/Core (5.0.1):
    - ObjcExceptionBridging

DEPENDENCIES:
  - Alamofire
  - ProgressHUD
  - SnapKit
  - XCGLogger

SPEC CHECKSUMS:
  Alamofire: dc44b1600b800eb63da6a19039a0083d62a6a62d
  ObjcExceptionBridging: c30e00eb3700467e695faeea30e26e18bd445001
  ProgressHUD: 4b66b0df0e08519c5c7283a198fd2867a114c95a
  SnapKit: 1ca44df72cfa543218d177cb8aab029d10d86ea7
  XCGLogger: 0b43697155d41e4a1b15fc776f319c2141646b09

PODFILE CHECKSUM: 0cc60d87652c30c61da841613e039c4fe7a78ecb

COCOAPODS: 1.2.0
